
Microsoft Visual Studio Solution File, Format Version 12.00
# Visual Studio 15
VisualStudioVersion = 15.0.26730.16
MinimumVisualStudioVersion = 10.0.40219.1
Project("{FAE04EC0-301F-11D3-BF4B-00C04F79EFBC}") = "calci", "calci\calci.csproj", "{0D74D95A-7222-43F2-89D9-AE2EADEF8025}"
EndProject
Global
	GlobalSection(SolutionConfigurationPlatforms) = preSolution
		Debug|Any CPU = Debug|Any CPU
		Release|Any CPU = Release|Any CPU
	EndGlobalSection
	GlobalSection(ProjectConfigurationPlatforms) = postSolution
		{0D74D95A-7222-43F2-89D9-AE2EADEF8025}.Debug|Any CPU.ActiveCfg = Debug|Any CPU
		{0D74D95A-7222-43F2-89D9-AE2EADEF8025}.Debug|Any CPU.Build.0 = Debug|Any CPU
		{0D74D95A-7222-43F2-89D9-AE2EADEF8025}.Release|Any CPU.ActiveCfg = Release|Any CPU
		{0D74D95A-7222-43F2-89D9-AE2EADEF8025}.Release|Any CPU.Build.0 = Release|Any CPU
	EndGlobalSection
	GlobalSection(SolutionProperties) = preSolution
		HideSolutionNode = FALSE
	EndGlobalSection
	GlobalSection(ExtensibilityGlobals) = postSolution
		SolutionGuid = {C7DA878A-FAA9-469C-A160-20D49B0537AD}
	EndGlobalSection
EndGlobal
