
Microsoft Visual Studio Solution File, Format Version 12.00
# Visual Studio 15
VisualStudioVersion = 15.0.26730.16
MinimumVisualStudioVersion = 10.0.40219.1
Project("{FAE04EC0-301F-11D3-BF4B-00C04F79EFBC}") = "ConsoleApp1", "ConsoleApp1\ConsoleApp1.csproj", "{CFB62440-2195-4486-8BF6-C659880D601E}"
EndProject
Global
	GlobalSection(SolutionConfigurationPlatforms) = preSolution
		Debug|Any CPU = Debug|Any CPU
		Release|Any CPU = Release|Any CPU
	EndGlobalSection
	GlobalSection(ProjectConfigurationPlatforms) = postSolution
		{CFB62440-2195-4486-8BF6-C659880D601E}.Debug|Any CPU.ActiveCfg = Debug|Any CPU
		{CFB62440-2195-4486-8BF6-C659880D601E}.Debug|Any CPU.Build.0 = Debug|Any CPU
		{CFB62440-2195-4486-8BF6-C659880D601E}.Release|Any CPU.ActiveCfg = Release|Any CPU
		{CFB62440-2195-4486-8BF6-C659880D601E}.Release|Any CPU.Build.0 = Release|Any CPU
	EndGlobalSection
	GlobalSection(SolutionProperties) = preSolution
		HideSolutionNode = FALSE
	EndGlobalSection
	GlobalSection(ExtensibilityGlobals) = postSolution
		SolutionGuid = {60341F0D-06F4-4F8A-BE9B-0270C549DEBC}
	EndGlobalSection
EndGlobal
