
Microsoft Visual Studio Solution File, Format Version 12.00
# Visual Studio 15
VisualStudioVersion = 15.0.26730.16
MinimumVisualStudioVersion = 10.0.40219.1
Project("{FAE04EC0-301F-11D3-BF4B-00C04F79EFBC}") = "realauto", "realauto\realauto.csproj", "{BF280AAD-A3E8-4D77-BB39-AC1A26B3DC61}"
EndProject
Global
	GlobalSection(SolutionConfigurationPlatforms) = preSolution
		Debug|Any CPU = Debug|Any CPU
		Release|Any CPU = Release|Any CPU
	EndGlobalSection
	GlobalSection(ProjectConfigurationPlatforms) = postSolution
		{BF280AAD-A3E8-4D77-BB39-AC1A26B3DC61}.Debug|Any CPU.ActiveCfg = Debug|Any CPU
		{BF280AAD-A3E8-4D77-BB39-AC1A26B3DC61}.Debug|Any CPU.Build.0 = Debug|Any CPU
		{BF280AAD-A3E8-4D77-BB39-AC1A26B3DC61}.Release|Any CPU.ActiveCfg = Release|Any CPU
		{BF280AAD-A3E8-4D77-BB39-AC1A26B3DC61}.Release|Any CPU.Build.0 = Release|Any CPU
	EndGlobalSection
	GlobalSection(SolutionProperties) = preSolution
		HideSolutionNode = FALSE
	EndGlobalSection
	GlobalSection(ExtensibilityGlobals) = postSolution
		SolutionGuid = {309B8A93-847A-47EC-892A-22E5C6C969D4}
	EndGlobalSection
EndGlobal
